// !$*UTF8*$!
{
	archiveVersion = 1;
	classes = {
	};
	objectVersion = 50;
	objects = {

/* Begin PBXBuildFile section */
		DE03317C23D44E8900C08952 /* InfoPlist.strings in Resources */ = {isa = PBXBuildFile; fileRef = DE03317E23D44E8900C08952 /* InfoPlist.strings */; };
		DEA5640423D44BC500FF2D31 /* AppDelegate.swift in Sources */ = {isa = PBXBuildFile; fileRef = DEA5640323D44BC500FF2D31 /* AppDelegate.swift */; };
		DEA5640623D44BC500FF2D31 /* SceneDelegate.swift in Sources */ = {isa = PBXBuildFile; fileRef = DEA5640523D44BC500FF2D31 /* SceneDelegate.swift */; };
		DEA5640823D44BC500FF2D31 /* ContentView.swift in Sources */ = {isa = PBXBuildFile; fileRef = DEA5640723D44BC500FF2D31 /* ContentView.swift */; };
		DEA5640A23D44BC500FF2D31 /* Assets.xcassets in Resources */ = {isa = PBXBuildFile; fileRef = DEA5640923D44BC500FF2D31 /* Assets.xcassets */; };
		DEA5640D23D44BC500FF2D31 /* Preview Assets.xcassets in Resources */ = {isa = PBXBuildFile; fileRef = DEA5640C23D44BC500FF2D31 /* Preview Assets.xcassets */; };
		DEA5641023D44BC500FF2D31 /* LaunchScreen.storyboard in Resources */ = {isa = PBXBuildFile; fileRef = DEA5640E23D44BC500FF2D31 /* LaunchScreen.storyboard */; };
		DEA5641B23D44BC500FF2D31 /* YIOSTests.swift in Sources */ = {isa = PBXBuildFile; fileRef = DEA5641A23D44BC500FF2D31 /* YIOSTests.swift */; };
		DEA5642623D44BC500FF2D31 /* YIOSUITests.swift in Sources */ = {isa = PBXBuildFile; fileRef = DEA5642523D44BC500FF2D31 /* YIOSUITests.swift */; };
/* End PBXBuildFile section */

/* Begin PBXContainerItemProxy section */
		DEA5641723D44BC500FF2D31 /* PBXContainerItemProxy */ = {
			isa = PBXContainerItemProxy;
			containerPortal = DEA563F823D44BC500FF2D31 /* Project object */;
			proxyType = 1;
			remoteGlobalIDString = DEA563FF23D44BC500FF2D31;
			remoteInfo = YIOS;
		};
		DEA5642223D44BC500FF2D31 /* PBXContainerItemProxy */ = {
			isa = PBXContainerItemProxy;
			containerPortal = DEA563F823D44BC500FF2D31 /* Project object */;
			proxyType = 1;
			remoteGlobalIDString = DEA563FF23D44BC500FF2D31;
			remoteInfo = YIOS;
		};
/* End PBXContainerItemProxy section */

/* Begin PBXFileReference section */
		DE03317D23D44E8900C08952 /* en */ = {isa = PBXFileReference; lastKnownFileType = text.plist.strings; name = en; path = en.lproj/InfoPlist.strings; sourceTree = "<group>"; };
		DE1E98D323D5758400039F91 /* YIOS.entitlements */ = {isa = PBXFileReference; lastKnownFileType = text.plist.entitlements; path = YIOS.entitlements; sourceTree = "<group>"; };
		DE39486A23D578C600865FCE /* zh-Hans */ = {isa = PBXFileReference; lastKnownFileType = text.plist.strings; name = "zh-Hans"; path = "zh-Hans.lproj/InfoPlist.strings"; sourceTree = "<group>"; };
		DEA5640023D44BC500FF2D31 /* YIOS.app */ = {isa = PBXFileReference; explicitFileType = wrapper.application; includeInIndex = 0; path = YIOS.app; sourceTree = BUILT_PRODUCTS_DIR; };
		DEA5640323D44BC500FF2D31 /* AppDelegate.swift */ = {isa = PBXFileReference; lastKnownFileType = sourcecode.swift; path = AppDelegate.swift; sourceTree = "<group>"; };
		DEA5640523D44BC500FF2D31 /* SceneDelegate.swift */ = {isa = PBXFileReference; lastKnownFileType = sourcecode.swift; path = SceneDelegate.swift; sourceTree = "<group>"; };
		DEA5640723D44BC500FF2D31 /* ContentView.swift */ = {isa = PBXFileReference; lastKnownFileType = sourcecode.swift; path = ContentView.swift; sourceTree = "<group>"; };
		DEA5640923D44BC500FF2D31 /* Assets.xcassets */ = {isa = PBXFileReference; lastKnownFileType = folder.assetcatalog; path = Assets.xcassets; sourceTree = "<group>"; };
		DEA5640C23D44BC500FF2D31 /* Preview Assets.xcassets */ = {isa = PBXFileReference; lastKnownFileType = folder.assetcatalog; path = "Preview Assets.xcassets"; sourceTree = "<group>"; };
		DEA5640F23D44BC500FF2D31 /* Base */ = {isa = PBXFileReference; lastKnownFileType = file.storyboard; name = Base; path = Base.lproj/LaunchScreen.storyboard; sourceTree = "<group>"; };
		DEA5641123D44BC500FF2D31 /* Info.plist */ = {isa = PBXFileReference; lastKnownFileType = text.plist.xml; path = Info.plist; sourceTree = "<group>"; };
		DEA5641623D44BC500FF2D31 /* YIOSTests.xctest */ = {isa = PBXFileReference; explicitFileType = wrapper.cfbundle; includeInIndex = 0; path = YIOSTests.xctest; sourceTree = BUILT_PRODUCTS_DIR; };
		DEA5641A23D44BC500FF2D31 /* YIOSTests.swift */ = {isa = PBXFileReference; lastKnownFileType = sourcecode.swift; path = YIOSTests.swift; sourceTree = "<group>"; };
		DEA5641C23D44BC500FF2D31 /* Info.plist */ = {isa = PBXFileReference; lastKnownFileType = text.plist.xml; path = Info.plist; sourceTree = "<group>"; };
		DEA5642123D44BC500FF2D31 /* YIOSUITests.xctest */ = {isa = PBXFileReference; explicitFileType = wrapper.cfbundle; includeInIndex = 0; path = YIOSUITests.xctest; sourceTree = BUILT_PRODUCTS_DIR; };
		DEA5642523D44BC500FF2D31 /* YIOSUITests.swift */ = {isa = PBXFileReference; lastKnownFileType = sourcecode.swift; path = YIOSUITests.swift; sourceTree = "<group>"; };
		DEA5642723D44BC500FF2D31 /* Info.plist */ = {isa = PBXFileReference; lastKnownFileType = text.plist.xml; path = Info.plist; sourceTree = "<group>"; };
/* End PBXFileReference section */

/* Begin PBXFrameworksBuildPhase section */
		DEA563FD23D44BC500FF2D31 /* Frameworks */ = {
			isa = PBXFrameworksBuildPhase;
			buildActionMask = 2147483647;
			files = (
			);
			runOnlyForDeploymentPostprocessing = 0;
		};
		DEA5641323D44BC500FF2D31 /* Frameworks */ = {
			isa = PBXFrameworksBuildPhase;
			buildActionMask = 2147483647;
			files = (
			);
			runOnlyForDeploymentPostprocessing = 0;
		};
		DEA5641E23D44BC500FF2D31 /* Frameworks */ = {
			isa = PBXFrameworksBuildPhase;
			buildActionMask = 2147483647;
			files = (
			);
			runOnlyForDeploymentPostprocessing = 0;
		};
/* End PBXFrameworksBuildPhase section */

/* Begin PBXGroup section */
		DEA563F723D44BC500FF2D31 = {
			isa = PBXGroup;
			children = (
				DEA5640223D44BC500FF2D31 /* YIOS */,
				DEA5641923D44BC500FF2D31 /* YIOSTests */,
				DEA5642423D44BC500FF2D31 /* YIOSUITests */,
				DEA5640123D44BC500FF2D31 /* Products */,
			);
			sourceTree = "<group>";
		};
		DEA5640123D44BC500FF2D31 /* Products */ = {
			isa = PBXGroup;
			children = (
				DEA5640023D44BC500FF2D31 /* YIOS.app */,
				DEA5641623D44BC500FF2D31 /* YIOSTests.xctest */,
				DEA5642123D44BC500FF2D31 /* YIOSUITests.xctest */,
			);
			name = Products;
			sourceTree = "<group>";
		};
		DEA5640223D44BC500FF2D31 /* YIOS */ = {
			isa = PBXGroup;
			children = (
				DE1E98D323D5758400039F91 /* YIOS.entitlements */,
				DE03317E23D44E8900C08952 /* InfoPlist.strings */,
				DEA5640323D44BC500FF2D31 /* AppDelegate.swift */,
				DEA5640523D44BC500FF2D31 /* SceneDelegate.swift */,
				DEA5640723D44BC500FF2D31 /* ContentView.swift */,
				DEA5640923D44BC500FF2D31 /* Assets.xcassets */,
				DEA5640E23D44BC500FF2D31 /* LaunchScreen.storyboard */,
				DEA5641123D44BC500FF2D31 /* Info.plist */,
				DEA5640B23D44BC500FF2D31 /* Preview Content */,
			);
			path = YIOS;
			sourceTree = "<group>";
		};
		DEA5640B23D44BC500FF2D31 /* Preview Content */ = {
			isa = PBXGroup;
			children = (
				DEA5640C23D44BC500FF2D31 /* Preview Assets.xcassets */,
			);
			path = "Preview Content";
			sourceTree = "<group>";
		};
		DEA5641923D44BC500FF2D31 /* YIOSTests */ = {
			isa = PBXGroup;
			children = (
				DEA5641A23D44BC500FF2D31 /* YIOSTests.swift */,
				DEA5641C23D44BC500FF2D31 /* Info.plist */,
			);
			path = YIOSTests;
			sourceTree = "<group>";
		};
		DEA5642423D44BC500FF2D31 /* YIOSUITests */ = {
			isa = PBXGroup;
			children = (
				DEA5642523D44BC500FF2D31 /* YIOSUITests.swift */,
				DEA5642723D44BC500FF2D31 /* Info.plist */,
			);
			path = YIOSUITests;
			sourceTree = "<group>";
		};
/* End PBXGroup section */

/* Begin PBXNativeTarget section */
		DEA563FF23D44BC500FF2D31 /* YIOS */ = {
			isa = PBXNativeTarget;
			buildConfigurationList = DEA5642A23D44BC500FF2D31 /* Build configuration list for PBXNativeTarget "YIOS" */;
			buildPhases = (
				DEA563FC23D44BC500FF2D31 /* Sources */,
				DEA563FD23D44BC500FF2D31 /* Frameworks */,
				DEA563FE23D44BC500FF2D31 /* Resources */,
			);
			buildRules = (
			);
			dependencies = (
			);
			name = YIOS;
			productName = YIOS;
			productReference = DEA5640023D44BC500FF2D31 /* YIOS.app */;
			productType = "com.apple.product-type.application";
		};
		DEA5641523D44BC500FF2D31 /* YIOSTests */ = {
			isa = PBXNativeTarget;
			buildConfigurationList = DEA5642D23D44BC500FF2D31 /* Build configuration list for PBXNativeTarget "YIOSTests" */;
			buildPhases = (
				DEA5641223D44BC500FF2D31 /* Sources */,
				DEA5641323D44BC500FF2D31 /* Frameworks */,
				DEA5641423D44BC500FF2D31 /* Resources */,
			);
			buildRules = (
			);
			dependencies = (
				DEA5641823D44BC500FF2D31 /* PBXTargetDependency */,
			);
			name = YIOSTests;
			productName = YIOSTests;
			productReference = DEA5641623D44BC500FF2D31 /* YIOSTests.xctest */;
			productType = "com.apple.product-type.bundle.unit-test";
		};
		DEA5642023D44BC500FF2D31 /* YIOSUITests */ = {
			isa = PBXNativeTarget;
			buildConfigurationList = DEA5643023D44BC500FF2D31 /* Build configuration list for PBXNativeTarget "YIOSUITests" */;
			buildPhases = (
				DEA5641D23D44BC500FF2D31 /* Sources */,
				DEA5641E23D44BC500FF2D31 /* Frameworks */,
				DEA5641F23D44BC500FF2D31 /* Resources */,
			);
			buildRules = (
			);
			dependencies = (
				DEA5642323D44BC500FF2D31 /* PBXTargetDependency */,
			);
			name = YIOSUITests;
			productName = YIOSUITests;
			productReference = DEA5642123D44BC500FF2D31 /* YIOSUITests.xctest */;
			productType = "com.apple.product-type.bundle.ui-testing";
		};
/* End PBXNativeTarget section */

/* Begin PBXProject section */
		DEA563F823D44BC500FF2D31 /* Project object */ = {
			isa = PBXProject;
			attributes = {
				LastSwiftUpdateCheck = 1130;
				LastUpgradeCheck = 1130;
				ORGANIZATIONNAME = "Yale Jian";
				TargetAttributes = {
					DEA563FF23D44BC500FF2D31 = {
						CreatedOnToolsVersion = 11.3.1;
					};
					DEA5641523D44BC500FF2D31 = {
						CreatedOnToolsVersion = 11.3.1;
						TestTargetID = DEA563FF23D44BC500FF2D31;
					};
					DEA5642023D44BC500FF2D31 = {
						CreatedOnToolsVersion = 11.3.1;
						TestTargetID = DEA563FF23D44BC500FF2D31;
					};
				};
			};
			buildConfigurationList = DEA563FB23D44BC500FF2D31 /* Build configuration list for PBXProject "YIOS" */;
			compatibilityVersion = "Xcode 9.3";
			developmentRegion = en;
			hasScannedForEncodings = 0;
			knownRegions = (
				en,
				Base,
				"zh-Hans",
			);
			mainGroup = DEA563F723D44BC500FF2D31;
			productRefGroup = DEA5640123D44BC500FF2D31 /* Products */;
			projectDirPath = "";
			projectRoot = "";
			targets = (
				DEA563FF23D44BC500FF2D31 /* YIOS */,
				DEA5641523D44BC500FF2D31 /* YIOSTests */,
				DEA5642023D44BC500FF2D31 /* YIOSUITests */,
			);
		};
/* End PBXProject section */

/* Begin PBXResourcesBuildPhase section */
		DEA563FE23D44BC500FF2D31 /* Resources */ = {
			isa = PBXResourcesBuildPhase;
			buildActionMask = 2147483647;
			files = (
				DEA5641023D44BC500FF2D31 /* LaunchScreen.storyboard in Resources */,
				DE03317C23D44E8900C08952 /* InfoPlist.strings in Resources */,
				DEA5640D23D44BC500FF2D31 /* Preview Assets.xcassets in Resources */,
				DEA5640A23D44BC500FF2D31 /* Assets.xcassets in Resources */,
			);
			runOnlyForDeploymentPostprocessing = 0;
		};
		DEA5641423D44BC500FF2D31 /* Resources */ = {
			isa = PBXResourcesBuildPhase;
			buildActionMask = 2147483647;
			files = (
			);
			runOnlyForDeploymentPostprocessing = 0;
		};
		DEA5641F23D44BC500FF2D31 /* Resources */ = {
			isa = PBXResourcesBuildPhase;
			buildActionMask = 2147483647;
			files = (
			);
			runOnlyForDeploymentPostprocessing = 0;
		};
/* End PBXResourcesBuildPhase section */

/* Begin PBXSourcesBuildPhase section */
		DEA563FC23D44BC500FF2D31 /* Sources */ = {
			isa = PBXSourcesBuildPhase;
			buildActionMask = 2147483647;
			files = (
				DEA5640423D44BC500FF2D31 /* AppDelegate.swift in Sources */,
				DEA5640623D44BC500FF2D31 /* SceneDelegate.swift in Sources */,
				DEA5640823D44BC500FF2D31 /* ContentView.swift in Sources */,
			);
			runOnlyForDeploymentPostprocessing = 0;
		};
		DEA5641223D44BC500FF2D31 /* Sources */ = {
			isa = PBXSourcesBuildPhase;
			buildActionMask = 2147483647;
			files = (
				DEA5641B23D44BC500FF2D31 /* YIOSTests.swift in Sources */,
			);
			runOnlyForDeploymentPostprocessing = 0;
		};
		DEA5641D23D44BC500FF2D31 /* Sources */ = {
			isa = PBXSourcesBuildPhase;
			buildActionMask = 2147483647;
			files = (
				DEA5642623D44BC500FF2D31 /* YIOSUITests.swift in Sources */,
			);
			runOnlyForDeploymentPostprocessing = 0;
		};
/* End PBXSourcesBuildPhase section */

/* Begin PBXTargetDependency section */
		DEA5641823D44BC500FF2D31 /* PBXTargetDependency */ = {
			isa = PBXTargetDependency;
			target = DEA563FF23D44BC500FF2D31 /* YIOS */;
			targetProxy = DEA5641723D44BC500FF2D31 /* PBXContainerItemProxy */;
		};
		DEA5642323D44BC500FF2D31 /* PBXTargetDependency */ = {
			isa = PBXTargetDependency;
			target = DEA563FF23D44BC500FF2D31 /* YIOS */;
			targetProxy = DEA5642223D44BC500FF2D31 /* PBXContainerItemProxy */;
		};
/* End PBXTargetDependency section */

/* Begin PBXVariantGroup section */
		DE03317E23D44E8900C08952 /* InfoPlist.strings */ = {
			isa = PBXVariantGroup;
			children = (
				DE03317D23D44E8900C08952 /* en */,
				DE39486A23D578C600865FCE /* zh-Hans */,
			);
			name = InfoPlist.strings;
			sourceTree = "<group>";
		};
		DEA5640E23D44BC500FF2D31 /* LaunchScreen.storyboard */ = {
			isa = PBXVariantGroup;
			children = (
				DEA5640F23D44BC500FF2D31 /* Base */,
			);
			name = LaunchScreen.storyboard;
			sourceTree = "<group>";
		};
/* End PBXVariantGroup section */

/* Begin XCBuildConfiguration section */
		DEA5642823D44BC500FF2D31 /* Debug */ = {
			isa = XCBuildConfiguration;
			buildSettings = {
				ALWAYS_SEARCH_USER_PATHS = NO;
				CLANG_ANALYZER_LOCALIZABILITY_NONLOCALIZED = YES;
				CLANG_ANALYZER_NONNULL = YES;
				CLANG_ANALYZER_NUMBER_OBJECT_CONVERSION = YES_AGGRESSIVE;
				CLANG_CXX_LANGUAGE_STANDARD = "gnu++14";
				CLANG_CXX_LIBRARY = "libc++";
				CLANG_ENABLE_MODULES = YES;
				CLANG_ENABLE_OBJC_ARC = YES;
				CLANG_ENABLE_OBJC_WEAK = YES;
				CLANG_WARN_BLOCK_CAPTURE_AUTORELEASING = YES;
				CLANG_WARN_BOOL_CONVERSION = YES;
				CLANG_WARN_COMMA = YES;
				CLANG_WARN_CONSTANT_CONVERSION = YES;
				CLANG_WARN_DEPRECATED_OBJC_IMPLEMENTATIONS = YES;
				CLANG_WARN_DIRECT_OBJC_ISA_USAGE = YES_ERROR;
				CLANG_WARN_DOCUMENTATION_COMMENTS = YES;
				CLANG_WARN_EMPTY_BODY = YES;
				CLANG_WARN_ENUM_CONVERSION = YES;
				CLANG_WARN_INFINITE_RECURSION = YES;
				CLANG_WARN_INT_CONVERSION = YES;
				CLANG_WARN_NON_LITERAL_NULL_CONVERSION = YES;
				CLANG_WARN_OBJC_IMPLICIT_RETAIN_SELF = YES;
				CLANG_WARN_OBJC_LITERAL_CONVERSION = YES;
				CLANG_WARN_OBJC_ROOT_CLASS = YES_ERROR;
				CLANG_WARN_RANGE_LOOP_ANALYSIS = YES;
				CLANG_WARN_STRICT_PROTOTYPES = YES;
				CLANG_WARN_SUSPICIOUS_MOVE = YES;
				CLANG_WARN_UNGUARDED_AVAILABILITY = YES_AGGRESSIVE;
				CLANG_WARN_UNREACHABLE_CODE = YES;
				CLANG_WARN__DUPLICATE_METHOD_MATCH = YES;
				COPY_PHASE_STRIP = NO;
				DEBUG_INFORMATION_FORMAT = dwarf;
				ENABLE_STRICT_OBJC_MSGSEND = YES;
				ENABLE_TESTABILITY = YES;
				GCC_C_LANGUAGE_STANDARD = gnu11;
				GCC_DYNAMIC_NO_PIC = NO;
				GCC_NO_COMMON_BLOCKS = YES;
				GCC_OPTIMIZATION_LEVEL = 0;
				GCC_PREPROCESSOR_DEFINITIONS = (
					"DEBUG=1",
					"$(inherited)",
				);
				GCC_WARN_64_TO_32_BIT_CONVERSION = YES;
				GCC_WARN_ABOUT_RETURN_TYPE = YES_ERROR;
				GCC_WARN_UNDECLARED_SELECTOR = YES;
				GCC_WARN_UNINITIALIZED_AUTOS = YES_AGGRESSIVE;
				GCC_WARN_UNUSED_FUNCTION = YES;
				GCC_WARN_UNUSED_VARIABLE = YES;
				IPHONEOS_DEPLOYMENT_TARGET = 13.2;
				MTL_ENABLE_DEBUG_INFO = INCLUDE_SOURCE;
				MTL_FAST_MATH = YES;
				ONLY_ACTIVE_ARCH = YES;
				SDKROOT = iphoneos;
				SWIFT_ACTIVE_COMPILATION_CONDITIONS = DEBUG;
				SWIFT_OPTIMIZATION_LEVEL = "-Onone";
			};
			name = Debug;
		};
		DEA5642923D44BC500FF2D31 /* Release */ = {
			isa = XCBuildConfiguration;
			buildSettings = {
				ALWAYS_SEARCH_USER_PATHS = NO;
				CLANG_ANALYZER_LOCALIZABILITY_NONLOCALIZED = YES;
				CLANG_ANALYZER_NONNULL = YES;
				CLANG_ANALYZER_NUMBER_OBJECT_CONVERSION = YES_AGGRESSIVE;
				CLANG_CXX_LANGUAGE_STANDARD = "gnu++14";
				CLANG_CXX_LIBRARY = "libc++";
				CLANG_ENABLE_MODULES = YES;
				CLANG_ENABLE_OBJC_ARC = YES;
				CLANG_ENABLE_OBJC_WEAK = YES;
				CLANG_WARN_BLOCK_CAPTURE_AUTORELEASING = YES;
				CLANG_WARN_BOOL_CONVERSION = YES;
				CLANG_WARN_COMMA = YES;
				CLANG_WARN_CONSTANT_CONVERSION = YES;
				CLANG_WARN_DEPRECATED_OBJC_IMPLEMENTATIONS = YES;
				CLANG_WARN_DIRECT_OBJC_ISA_USAGE = YES_ERROR;
				CLANG_WARN_DOCUMENTATION_COMMENTS = YES;
				CLANG_WARN_EMPTY_BODY = YES;
				CLANG_WARN_ENUM_CONVERSION = YES;
				CLANG_WARN_INFINITE_RECURSION = YES;
				CLANG_WARN_INT_CONVERSION = YES;
				CLANG_WARN_NON_LITERAL_NULL_CONVERSION = YES;
				CLANG_WARN_OBJC_IMPLICIT_RETAIN_SELF = YES;
				CLANG_WARN_OBJC_LITERAL_CONVERSION = YES;
				CLANG_WARN_OBJC_ROOT_CLASS = YES_ERROR;
				CLANG_WARN_RANGE_LOOP_ANALYSIS = YES;
				CLANG_WARN_STRICT_PROTOTYPES = YES;
				CLANG_WARN_SUSPICIOUS_MOVE = YES;
				CLANG_WARN_UNGUARDED_AVAILABILITY = YES_AGGRESSIVE;
				CLANG_WARN_UNREACHABLE_CODE = YES;
				CLANG_WARN__DUPLICATE_METHOD_MATCH = YES;
				COPY_PHASE_STRIP = NO;
				DEBUG_INFORMATION_FORMAT = "dwarf-with-dsym";
				ENABLE_NS_ASSERTIONS = NO;
				ENABLE_STRICT_OBJC_MSGSEND = YES;
				GCC_C_LANGUAGE_STANDARD = gnu11;
				GCC_NO_COMMON_BLOCKS = YES;
				GCC_WARN_64_TO_32_BIT_CONVERSION = YES;
				GCC_WARN_ABOUT_RETURN_TYPE = YES_ERROR;
				GCC_WARN_UNDECLARED_SELECTOR = YES;
				GCC_WARN_UNINITIALIZED_AUTOS = YES_AGGRESSIVE;
				GCC_WARN_UNUSED_FUNCTION = YES;
				GCC_WARN_UNUSED_VARIABLE = YES;
				IPHONEOS_DEPLOYMENT_TARGET = 13.2;
				MTL_ENABLE_DEBUG_INFO = NO;
				MTL_FAST_MATH = YES;
				SDKROOT = iphoneos;
				SWIFT_COMPILATION_MODE = wholemodule;
				SWIFT_OPTIMIZATION_LEVEL = "-O";
				VALIDATE_PRODUCT = YES;
			};
			name = Release;
		};
		DEA5642B23D44BC500FF2D31 /* Debug */ = {
			isa = XCBuildConfiguration;
			buildSettings = {
				ASSETCATALOG_COMPILER_APPICON_NAME = yalejian;
				CODE_SIGN_ENTITLEMENTS = YIOS/YIOS.entitlements;
				CODE_SIGN_STYLE = Automatic;
				DERIVE_MACCATALYST_PRODUCT_BUNDLE_IDENTIFIER = YES;
				DEVELOPMENT_ASSET_PATHS = "\"YIOS/Preview Content\"";
				DEVELOPMENT_TEAM = 3H25T2MDRY;
				ENABLE_PREVIEWS = YES;
				INFOPLIST_FILE = YIOS/Info.plist;
				LD_RUNPATH_SEARCH_PATHS = (
					"$(inherited)",
					"@executable_path/Frameworks",
				);
				PRODUCT_BUNDLE_IDENTIFIER = YaleJian.YIOS;
				PRODUCT_NAME = "$(TARGET_NAME)";
				SUPPORTS_MACCATALYST = YES;
				SWIFT_VERSION = 5.0;
				TARGETED_DEVICE_FAMILY = "1,2";
			};
			name = Debug;
		};
		DEA5642C23D44BC500FF2D31 /* Release */ = {
			isa = XCBuildConfiguration;
			buildSettings = {
				ASSETCATALOG_COMPILER_APPICON_NAME = yalejian;
				CODE_SIGN_ENTITLEMENTS = YIOS/YIOS.entitlements;
				CODE_SIGN_STYLE = Automatic;
				DERIVE_MACCATALYST_PRODUCT_BUNDLE_IDENTIFIER = YES;
				DEVELOPMENT_ASSET_PATHS = "\"YIOS/Preview Content\"";
				DEVELOPMENT_TEAM = 3H25T2MDRY;
				ENABLE_PREVIEWS = YES;
				INFOPLIST_FILE = YIOS/Info.plist;
				LD_RUNPATH_SEARCH_PATHS = (
					"$(inherited)",
					"@executable_path/Frameworks",
				);
				PRODUCT_BUNDLE_IDENTIFIER = YaleJian.YIOS;
				PRODUCT_NAME = "$(TARGET_NAME)";
				SUPPORTS_MACCATALYST = YES;
				SWIFT_VERSION = 5.0;
				TARGETED_DEVICE_FAMILY = "1,2";
			};
			name = Release;
		};
		DEA5642E23D44BC500FF2D31 /* Debug */ = {
			isa = XCBuildConfiguration;
			buildSettings = {
				ALWAYS_EMBED_SWIFT_STANDARD_LIBRARIES = YES;
				BUNDLE_LOADER = "$(TEST_HOST)";
				CODE_SIGN_STYLE = Automatic;
				DEVELOPMENT_TEAM = 3H25T2MDRY;
				INFOPLIST_FILE = YIOSTests/Info.plist;
				IPHONEOS_DEPLOYMENT_TARGET = 13.2;
				LD_RUNPATH_SEARCH_PATHS = (
					"$(inherited)",
					"@executable_path/Frameworks",
					"@loader_path/Frameworks",
				);
				PRODUCT_BUNDLE_IDENTIFIER = YaleJian.YIOSTests;
				PRODUCT_NAME = "$(TARGET_NAME)";
				SWIFT_VERSION = 5.0;
				TARGETED_DEVICE_FAMILY = "1,2";
				TEST_HOST = "$(BUILT_PRODUCTS_DIR)/YIOS.app/YIOS";
			};
			name = Debug;
		};
		DEA5642F23D44BC500FF2D31 /* Release */ = {
			isa = XCBuildConfiguration;
			buildSettings = {
				ALWAYS_EMBED_SWIFT_STANDARD_LIBRARIES = YES;
				BUNDLE_LOADER = "$(TEST_HOST)";
				CODE_SIGN_STYLE = Automatic;
				DEVELOPMENT_TEAM = 3H25T2MDRY;
				INFOPLIST_FILE = YIOSTests/Info.plist;
				IPHONEOS_DEPLOYMENT_TARGET = 13.2;
				LD_RUNPATH_SEARCH_PATHS = (
					"$(inherited)",
					"@executable_path/Frameworks",
					"@loader_path/Frameworks",
				);
				PRODUCT_BUNDLE_IDENTIFIER = YaleJian.YIOSTests;
				PRODUCT_NAME = "$(TARGET_NAME)";
				SWIFT_VERSION = 5.0;
				TARGETED_DEVICE_FAMILY = "1,2";
				TEST_HOST = "$(BUILT_PRODUCTS_DIR)/YIOS.app/YIOS";
			};
			name = Release;
		};
		DEA5643123D44BC500FF2D31 /* Debug */ = {
			isa = XCBuildConfiguration;
			buildSettings = {
				ALWAYS_EMBED_SWIFT_STANDARD_LIBRARIES = YES;
				CODE_SIGN_STYLE = Automatic;
				DEVELOPMENT_TEAM = 3H25T2MDRY;
				INFOPLIST_FILE = YIOSUITests/Info.plist;
				LD_RUNPATH_SEARCH_PATHS = (
					"$(inherited)",
					"@executable_path/Frameworks",
					"@loader_path/Frameworks",
				);
				PRODUCT_BUNDLE_IDENTIFIER = YaleJian.YIOSUITests;
				PRODUCT_NAME = "$(TARGET_NAME)";
				SWIFT_VERSION = 5.0;
				TARGETED_DEVICE_FAMILY = "1,2";
				TEST_TARGET_NAME = YIOS;
			};
			name = Debug;
		};
		DEA5643223D44BC500FF2D31 /* Release */ = {
			isa = XCBuildConfiguration;
			buildSettings = {
				ALWAYS_EMBED_SWIFT_STANDARD_LIBRARIES = YES;
				CODE_SIGN_STYLE = Automatic;
				DEVELOPMENT_TEAM = 3H25T2MDRY;
				INFOPLIST_FILE = YIOSUITests/Info.plist;
				LD_RUNPATH_SEARCH_PATHS = (
					"$(inherited)",
					"@executable_path/Frameworks",
					"@loader_path/Frameworks",
				);
				PRODUCT_BUNDLE_IDENTIFIER = YaleJian.YIOSUITests;
				PRODUCT_NAME = "$(TARGET_NAME)";
				SWIFT_VERSION = 5.0;
				TARGETED_DEVICE_FAMILY = "1,2";
				TEST_TARGET_NAME = YIOS;
			};
			name = Release;
		};
/* End XCBuildConfiguration section */

/* Begin XCConfigurationList section */
		DEA563FB23D44BC500FF2D31 /* Build configuration list for PBXProject "YIOS" */ = {
			isa = XCConfigurationList;
			buildConfigurations = (
				DEA5642823D44BC500FF2D31 /* Debug */,
				DEA5642923D44BC500FF2D31 /* Release */,
			);
			defaultConfigurationIsVisible = 0;
			defaultConfigurationName = Release;
		};
		DEA5642A23D44BC500FF2D31 /* Build configuration list for PBXNativeTarget "YIOS" */ = {
			isa = XCConfigurationList;
			buildConfigurations = (
				DEA5642B23D44BC500FF2D31 /* Debug */,
				DEA5642C23D44BC500FF2D31 /* Release */,
			);
			defaultConfigurationIsVisible = 0;
			defaultConfigurationName = Release;
		};
		DEA5642D23D44BC500FF2D31 /* Build configuration list for PBXNativeTarget "YIOSTests" */ = {
			isa = XCConfigurationList;
			buildConfigurations = (
				DEA5642E23D44BC500FF2D31 /* Debug */,
				DEA5642F23D44BC500FF2D31 /* Release */,
			);
			defaultConfigurationIsVisible = 0;
			defaultConfigurationName = Release;
		};
		DEA5643023D44BC500FF2D31 /* Build configuration list for PBXNativeTarget "YIOSUITests" */ = {
			isa = XCConfigurationList;
			buildConfigurations = (
				DEA5643123D44BC500FF2D31 /* Debug */,
				DEA5643223D44BC500FF2D31 /* Release */,
			);
			defaultConfigurationIsVisible = 0;
			defaultConfigurationName = Release;
		};
/* End XCConfigurationList section */
	};
	rootObject = DEA563F823D44BC500FF2D31 /* Project object */;
}
